
Microsoft Visual Studio Solution File, Format Version 12.00
# Visual Studio 14
VisualStudioVersion = 14.0.23107.0
MinimumVisualStudioVersion = 10.0.40219.1
Project("{FAE04EC0-301F-11D3-BF4B-00C04F79EFBC}") = "DocumentDB", "DocumentDB\DocumentDB.csproj", "{BF83FD25-91CC-451B-AFBD-BAB38EED4CD7}"
EndProject
Project("{FAE04EC0-301F-11D3-BF4B-00C04F79EFBC}") = "TestDocumentDB", "TestDocumentDB\TestDocumentDB.csproj", "{0EDEE9D2-85E3-4D2E-8339-58825993936E}"
EndProject
Project("{FAE04EC0-301F-11D3-BF4B-00C04F79EFBC}") = "DocumentDBWebAppSample", "DocumentDBWebAppSample\DocumentDBWebAppSample.csproj", "{6CC95396-0712-490F-A15A-1F4A5E8A58C0}"
EndProject
Project("{FAE04EC0-301F-11D3-BF4B-00C04F79EFBC}") = "DocumentDBWebAppSample.Tests", "DocumentDBWebAppSample.Tests\DocumentDBWebAppSample.Tests.csproj", "{3B24DA61-365C-4F7E-9CDD-B59E5266615D}"
EndProject
Global
	GlobalSection(SolutionConfigurationPlatforms) = preSolution
		Debug|Any CPU = Debug|Any CPU
		Dev|Any CPU = Dev|Any CPU
		DevDaily|Any CPU = DevDaily|Any CPU
		PROD|Any CPU = PROD|Any CPU
		Release|Any CPU = Release|Any CPU
		SIT|Any CPU = SIT|Any CPU
		UAT|Any CPU = UAT|Any CPU
	EndGlobalSection
	GlobalSection(ProjectConfigurationPlatforms) = postSolution
		{BF83FD25-91CC-451B-AFBD-BAB38EED4CD7}.Debug|Any CPU.ActiveCfg = Debug|Any CPU
		{BF83FD25-91CC-451B-AFBD-BAB38EED4CD7}.Debug|Any CPU.Build.0 = Debug|Any CPU
		{BF83FD25-91CC-451B-AFBD-BAB38EED4CD7}.Dev|Any CPU.ActiveCfg = Debug|Any CPU
		{BF83FD25-91CC-451B-AFBD-BAB38EED4CD7}.Dev|Any CPU.Build.0 = Debug|Any CPU
		{BF83FD25-91CC-451B-AFBD-BAB38EED4CD7}.DevDaily|Any CPU.ActiveCfg = Debug|Any CPU
		{BF83FD25-91CC-451B-AFBD-BAB38EED4CD7}.DevDaily|Any CPU.Build.0 = Debug|Any CPU
		{BF83FD25-91CC-451B-AFBD-BAB38EED4CD7}.PROD|Any CPU.ActiveCfg = Release|Any CPU
		{BF83FD25-91CC-451B-AFBD-BAB38EED4CD7}.PROD|Any CPU.Build.0 = Release|Any CPU
		{BF83FD25-91CC-451B-AFBD-BAB38EED4CD7}.Release|Any CPU.ActiveCfg = Release|Any CPU
		{BF83FD25-91CC-451B-AFBD-BAB38EED4CD7}.Release|Any CPU.Build.0 = Release|Any CPU
		{BF83FD25-91CC-451B-AFBD-BAB38EED4CD7}.SIT|Any CPU.ActiveCfg = Release|Any CPU
		{BF83FD25-91CC-451B-AFBD-BAB38EED4CD7}.SIT|Any CPU.Build.0 = Release|Any CPU
		{BF83FD25-91CC-451B-AFBD-BAB38EED4CD7}.UAT|Any CPU.ActiveCfg = Release|Any CPU
		{BF83FD25-91CC-451B-AFBD-BAB38EED4CD7}.UAT|Any CPU.Build.0 = Release|Any CPU
		{0EDEE9D2-85E3-4D2E-8339-58825993936E}.Debug|Any CPU.ActiveCfg = Debug|Any CPU
		{0EDEE9D2-85E3-4D2E-8339-58825993936E}.Debug|Any CPU.Build.0 = Debug|Any CPU
		{0EDEE9D2-85E3-4D2E-8339-58825993936E}.Dev|Any CPU.ActiveCfg = Debug|Any CPU
		{0EDEE9D2-85E3-4D2E-8339-58825993936E}.Dev|Any CPU.Build.0 = Debug|Any CPU
		{0EDEE9D2-85E3-4D2E-8339-58825993936E}.DevDaily|Any CPU.ActiveCfg = Debug|Any CPU
		{0EDEE9D2-85E3-4D2E-8339-58825993936E}.DevDaily|Any CPU.Build.0 = Debug|Any CPU
		{0EDEE9D2-85E3-4D2E-8339-58825993936E}.PROD|Any CPU.ActiveCfg = Release|Any CPU
		{0EDEE9D2-85E3-4D2E-8339-58825993936E}.PROD|Any CPU.Build.0 = Release|Any CPU
		{0EDEE9D2-85E3-4D2E-8339-58825993936E}.Release|Any CPU.ActiveCfg = Release|Any CPU
		{0EDEE9D2-85E3-4D2E-8339-58825993936E}.Release|Any CPU.Build.0 = Release|Any CPU
		{0EDEE9D2-85E3-4D2E-8339-58825993936E}.SIT|Any CPU.ActiveCfg = Release|Any CPU
		{0EDEE9D2-85E3-4D2E-8339-58825993936E}.SIT|Any CPU.Build.0 = Release|Any CPU
		{0EDEE9D2-85E3-4D2E-8339-58825993936E}.UAT|Any CPU.ActiveCfg = Release|Any CPU
		{0EDEE9D2-85E3-4D2E-8339-58825993936E}.UAT|Any CPU.Build.0 = Release|Any CPU
		{6CC95396-0712-490F-A15A-1F4A5E8A58C0}.Debug|Any CPU.ActiveCfg = Debug|Any CPU
		{6CC95396-0712-490F-A15A-1F4A5E8A58C0}.Debug|Any CPU.Build.0 = Debug|Any CPU
		{6CC95396-0712-490F-A15A-1F4A5E8A58C0}.Dev|Any CPU.ActiveCfg = Debug|Any CPU
		{6CC95396-0712-490F-A15A-1F4A5E8A58C0}.Dev|Any CPU.Build.0 = Debug|Any CPU
		{6CC95396-0712-490F-A15A-1F4A5E8A58C0}.DevDaily|Any CPU.ActiveCfg = Debug|Any CPU
		{6CC95396-0712-490F-A15A-1F4A5E8A58C0}.DevDaily|Any CPU.Build.0 = Debug|Any CPU
		{6CC95396-0712-490F-A15A-1F4A5E8A58C0}.PROD|Any CPU.ActiveCfg = Release|Any CPU
		{6CC95396-0712-490F-A15A-1F4A5E8A58C0}.PROD|Any CPU.Build.0 = Release|Any CPU
		{6CC95396-0712-490F-A15A-1F4A5E8A58C0}.Release|Any CPU.ActiveCfg = Release|Any CPU
		{6CC95396-0712-490F-A15A-1F4A5E8A58C0}.Release|Any CPU.Build.0 = Release|Any CPU
		{6CC95396-0712-490F-A15A-1F4A5E8A58C0}.SIT|Any CPU.ActiveCfg = Release|Any CPU
		{6CC95396-0712-490F-A15A-1F4A5E8A58C0}.SIT|Any CPU.Build.0 = Release|Any CPU
		{6CC95396-0712-490F-A15A-1F4A5E8A58C0}.UAT|Any CPU.ActiveCfg = Release|Any CPU
		{6CC95396-0712-490F-A15A-1F4A5E8A58C0}.UAT|Any CPU.Build.0 = Release|Any CPU
		{3B24DA61-365C-4F7E-9CDD-B59E5266615D}.Debug|Any CPU.ActiveCfg = Debug|Any CPU
		{3B24DA61-365C-4F7E-9CDD-B59E5266615D}.Debug|Any CPU.Build.0 = Debug|Any CPU
		{3B24DA61-365C-4F7E-9CDD-B59E5266615D}.Dev|Any CPU.ActiveCfg = Debug|Any CPU
		{3B24DA61-365C-4F7E-9CDD-B59E5266615D}.Dev|Any CPU.Build.0 = Debug|Any CPU
		{3B24DA61-365C-4F7E-9CDD-B59E5266615D}.DevDaily|Any CPU.ActiveCfg = Debug|Any CPU
		{3B24DA61-365C-4F7E-9CDD-B59E5266615D}.DevDaily|Any CPU.Build.0 = Debug|Any CPU
		{3B24DA61-365C-4F7E-9CDD-B59E5266615D}.PROD|Any CPU.ActiveCfg = Release|Any CPU
		{3B24DA61-365C-4F7E-9CDD-B59E5266615D}.PROD|Any CPU.Build.0 = Release|Any CPU
		{3B24DA61-365C-4F7E-9CDD-B59E5266615D}.Release|Any CPU.ActiveCfg = Release|Any CPU
		{3B24DA61-365C-4F7E-9CDD-B59E5266615D}.Release|Any CPU.Build.0 = Release|Any CPU
		{3B24DA61-365C-4F7E-9CDD-B59E5266615D}.SIT|Any CPU.ActiveCfg = Release|Any CPU
		{3B24DA61-365C-4F7E-9CDD-B59E5266615D}.SIT|Any CPU.Build.0 = Release|Any CPU
		{3B24DA61-365C-4F7E-9CDD-B59E5266615D}.UAT|Any CPU.ActiveCfg = Release|Any CPU
		{3B24DA61-365C-4F7E-9CDD-B59E5266615D}.UAT|Any CPU.Build.0 = Release|Any CPU
	EndGlobalSection
	GlobalSection(SolutionProperties) = preSolution
		HideSolutionNode = FALSE
	EndGlobalSection
EndGlobal
